{
  "name": "homebridge-sht3x",
  "version": "1.0.0",
  "lockfileVersion": 1,
  "requires": true,
  "dependencies": {
    "bindings": {
      "version": "1.3.0",
      "resolved": "https://registry.npmjs.org/bindings/-/bindings-1.3.0.tgz",
      "integrity": "sha512-DpLh5EzMR2kzvX1KIlVC0VkC3iZtHKTgdtZ0a3pglBZdaQFjt5S9g9xd1lE+YvXyfd6mtCeRnrUfOLYiTMlNSw=="
    },
    "bluebird": {
      "version": "3.5.1",
      "resolved": "https://registry.npmjs.org/bluebird/-/bluebird-3.5.1.tgz",
      "integrity": "sha512-MKiLiV+I1AA596t9w1sQJ8jkiSr5+ZKi0WKrYGUn6d1Fx+Ij4tIj+m2WMQSGczs5jZVxV339chE8iwk6F64wjA=="
    },
    "i2c-bus": {
      "version": "1.2.5",
      "resolved": "https://registry.npmjs.org/i2c-bus/-/i2c-bus-1.2.5.tgz",
      "integrity": "sha512-cwa0p/wg2bNx7IaCWT1aTK3Aptq3Ul2nTHHHwj8+ACfmPXsbWet5Werkzja80ZlC5sRkhIr/C0zKMmr5wJ8Z/w==",
      "requires": {
        "bindings": "1.3.0",
        "nan": "2.8.0"
      }
    },
    "nan": {
      "version": "2.8.0",
      "resolved": "https://registry.npmjs.org/nan/-/nan-2.8.0.tgz",
      "integrity": "sha1-7XFfP+neArV6XmJS2QqWZ14fCFo="
    },
    "raspi-node-sht31": {
      "version": "0.2.0",
      "resolved": "https://registry.npmjs.org/raspi-node-sht31/-/raspi-node-sht31-0.2.0.tgz",
      "integrity": "sha1-TNQUnvgu64+pfHMK6B1+zLphbMc=",
      "requires": {
        "bluebird": "3.5.1",
        "i2c-bus": "1.2.5"
      }
    }
  }
}
